version = 1
revision = 3
requires-python = ">=3.11"

[[package]]
name = "av"
version = "17.0.1"
source = { registry = "https://pypi.org/simple" }
sdist = { url = "https://files.pythonhosted.org/packages/4e/f0/8c8dca97ae0cf00e8e2a53bb5cb9aca5fd484f585ef3e9b412200aff3ebd/av-17.0.1.tar.gz", hash = "sha256:fbcbd4aa43bca6a8691816283112d1659a27f407bbeb66d1397023691339f5d4", size = 4411938, upload-time = "2026-04-18T17:12:34.29Z" }
wheels = [
    { url = "https://files.pythonhosted.org/packages/4c/82/e7007dcef7bd2d2c377e2e85977701384f42d19fc808c2ccb3a99eaf58f2/av-17.0.1-cp311-abi3-macosx_11_0_x86_64.whl", hash = "sha256:987f4f46ceae4da6c614dcbd2b8149be9dbf680c3bb7a6841c58af9cff4d9230", size = 23238802, upload-time = "2026-04-18T17:11:51.166Z" },
    { url = "https://files.pythonhosted.org/packages/6b/aa/858b09a08ea6f83f91be44b5a5adad13ae8d9ac8b80fda27e73c24bfb160/av-17.0.1-cp311-abi3-macosx_14_0_arm64.whl", hash = "sha256:d97f54e55b18a74912f479c1978aadd1341d38d892dee95bb5c2f2dccfa72f32", size = 18709338, upload-time = "2026-04-18T17:11:53.286Z" },
    { url = "https://files.pythonhosted.org/packages/a8/8b/8de3fd21c4b0b74d44337421abeab0e71462337fb6a28fff888e0c356cbd/av-17.0.1-cp311-abi3-manylinux_2_28_aarch64.whl", hash = "sha256:e6eee84afa48d0e9321047cd3e4facd44b401493f6bdc753e2e1d1e7c9e6d13e", size = 34007351, upload-time = "2026-04-18T17:11:56.116Z" },
    { url = "https://files.pythonhosted.org/packages/02/28/167b291356c2cc315a2d62a95b0ceace72b5b0bf547de30b89313110f032/av-17.0.1-cp311-abi3-manylinux_2_28_x86_64.whl", hash = "sha256:c58c71bffd9383908c85695ac61d3184c668accb04a5bd1b262e0fb8d09f60a5", size = 36345295, upload-time = "2026-04-18T17:11:59.125Z" },
    { url = "https://files.pythonhosted.org/packages/04/fa/aae56f2ff2c204c408641e1120f5ca5ce9c3390cf5362245c6f1158704b5/av-17.0.1-cp311-abi3-musllinux_1_2_aarch64.whl", hash = "sha256:42d6745d30a410ec9b22aef79a52a7ab5a001eb8f5adfd952946606a30983318", size = 35183754, upload-time = "2026-04-18T17:12:01.697Z" },
    { url = "https://files.pythonhosted.org/packages/ba/bd/776046f27093aef80155a204ca7d82a887ae4ee72ba4ef8411b46ea7898c/av-17.0.1-cp311-abi3-musllinux_1_2_x86_64.whl", hash = "sha256:3ed6bcd7021fe55832f95b8ef78dd01a4cb21faf3cd71f1e1bf4f20bf100b278", size = 37430809, upload-time = "2026-04-18T17:12:04.231Z" },
    { url = "https://files.pythonhosted.org/packages/d9/d5/3261bd2c6b7f6c0aa8379fc970d1ecf496330990b992ad28607785074268/av-17.0.1-cp311-abi3-win_amd64.whl", hash = "sha256:9af524e8632a54032e361d6b88895bd3e7c6212ca560de60f5ccc525323c764c", size = 28889649, upload-time = "2026-04-18T17:12:07.04Z" },
    { url = "https://files.pythonhosted.org/packages/98/39/381104e427a0c7231d2ec0d25d538d58fc20fc0458846b95860d3ef8073b/av-17.0.1-cp311-abi3-win_arm64.whl", hash = "sha256:50e58a473d65ea29b645e45c9fd8518a6783737135683ecc40571a91592bdfe4", size = 21918412, upload-time = "2026-04-18T17:12:09.312Z" },
    { url = "https://files.pythonhosted.org/packages/c7/8c/bb1498f031abb6157b30b7fc2379359176953821b6ba59fbd89dbb56f61f/av-17.0.1-cp314-cp314t-macosx_11_0_x86_64.whl", hash = "sha256:1d33871742d1e71562db3c8e752cacc5a62766d7efc3ae408bff1c3e26ebb46e", size = 23484157, upload-time = "2026-04-18T17:12:11.67Z" },
    { url = "https://files.pythonhosted.org/packages/1a/58/dedaef187b797243cd5762722e376c69c5ad95ab23db44127f09afc2cd66/av-17.0.1-cp314-cp314t-macosx_14_0_arm64.whl", hash = "sha256:1229e879f4b6431bc00f69d7f8891fe9a683b0a6e0e009e6c98eb7e449f0383d", size = 18920872, upload-time = "2026-04-18T17:12:14.826Z" },
    { url = "https://files.pythonhosted.org/packages/9b/26/5c550231651d6285e6a5c4f6f4a0e67459bfe2b622a7c9352be8cca8c819/av-17.0.1-cp314-cp314t-manylinux_2_28_aarch64.whl", hash = "sha256:4744837f4116964280bcc72285e3cdd51361e98a696205aadd924203440ef511", size = 37471077, upload-time = "2026-04-18T17:12:17.349Z" },
    { url = "https://files.pythonhosted.org/packages/59/e4/9807b89a9d775c6f015677996c48bce48aaff70b5d95885adf39e59832a2/av-17.0.1-cp314-cp314t-manylinux_2_28_x86_64.whl", hash = "sha256:3d0a7d45d9599bf9df9f8249827113d4f36df1cd6b5356227b997f0552dbc98e", size = 39566981, upload-time = "2026-04-18T17:12:19.942Z" },
    { url = "https://files.pythonhosted.org/packages/5c/72/a22a657abc3de652f5b4f46cbbebdf7cba629752112791b81f05d340991d/av-17.0.1-cp314-cp314t-musllinux_1_2_aarch64.whl", hash = "sha256:9acd0b6a6e02af2b37f63d97a03ee2c47936d58e82425c3cd075a95245937c59", size = 38397369, upload-time = "2026-04-18T17:12:22.909Z" },
    { url = "https://files.pythonhosted.org/packages/ae/b2/f4e83e41c1e3c186f34b7df506779d0cd7e40499e2e19519c7ece148cd20/av-17.0.1-cp314-cp314t-musllinux_1_2_x86_64.whl", hash = "sha256:3d3a36204cb1f1e7691e6446afa8d6b7097b09946dae732c71c5d05ce09e506e", size = 40582445, upload-time = "2026-04-18T17:12:26.285Z" },
    { url = "https://files.pythonhosted.org/packages/c8/59/8676188b72eed09d48ce6cfaf0f22b0bb9f3cfd74d388ee2b7fdf960536d/av-17.0.1-cp314-cp314t-win_amd64.whl", hash = "sha256:b87b98afe971cde123953073bc9c95ab0b7efd2ecc082dd2dbd11f9d9abf190e", size = 29217136, upload-time = "2026-04-18T17:12:29.189Z" },
    { url = "https://files.pythonhosted.org/packages/5f/af/0a6e1d2a845988039f6c197fa7269b5e9abbe17354fb41cc9d75bb260fcb/av-17.0.1-cp314-cp314t-win_arm64.whl", hash = "sha256:a87a42c36e29f75e7dff7281944f2a6876a2c8875e225ccbf6c1ae62748b4caa", size = 22072676, upload-time = "2026-04-18T17:12:31.836Z" },
]

[[package]]
name = "youtube-to-mp3"
version = "0.1.0"
source = { virtual = "." }
dependencies = [
    { name = "av" },
    { name = "yt-dlp" },
]

[package.metadata]
requires-dist = [
    { name = "av", specifier = ">=12.0.0" },
    { name = "yt-dlp", specifier = ">=2024.1.1" },
]

[[package]]
name = "yt-dlp"
version = "2026.3.17"
source = { registry = "https://pypi.org/simple" }
sdist = { url = "https://files.pythonhosted.org/packages/8b/34/7c6b4e3f89cb6416d2cd7ab6dab141a1df97ab0fb22d15816db2c92148c9/yt_dlp-2026.3.17.tar.gz", hash = "sha256:ba7aa31d533f1ffccfe70e421596d7ca8ff0bf1398dc6bb658b7d9dec057d2c9", size = 3119221, upload-time = "2026-03-17T23:43:00.244Z" }
wheels = [
    { url = "https://files.pythonhosted.org/packages/cd/13/5093bcb954878e50f7217fd2ab94282b53934022e4e4a03265582da83bf5/yt_dlp-2026.3.17-py3-none-any.whl", hash = "sha256:32992db94303a8a5d211a183f2174834fe7f8c29d83ed2e7a324eae97a8f26d8", size = 3315134, upload-time = "2026-03-17T23:42:57.863Z" },
]
